// !$*UTF8*$!
{
	archiveVersion = 1;
	classes = {
	};
	objectVersion = 55;
	objects = {

/* Begin PBXBuildFile section */
		5248C4ED27479BAE007203DB /* ProxyReleaseApp.swift in Sources */ = {isa = PBXBuildFile; fileRef = 5248C4EC27479BAE007203DB /* ProxyReleaseApp.swift */; };
		5248C4EF27479BAE007203DB /* RootView.swift in Sources */ = {isa = PBXBuildFile; fileRef = 5248C4EE27479BAE007203DB /* RootView.swift */; };
		5248C4F127479BB0007203DB /* Assets.xcassets in Resources */ = {isa = PBXBuildFile; fileRef = 5248C4F027479BB0007203DB /* Assets.xcassets */; };
		5248C4F427479BB0007203DB /* Preview Assets.xcassets in Resources */ = {isa = PBXBuildFile; fileRef = 5248C4F327479BB0007203DB /* Preview Assets.xcassets */; };
		5248C51727479EE0007203DB /* HomeView.swift in Sources */ = {isa = PBXBuildFile; fileRef = 5248C51627479EE0007203DB /* HomeView.swift */; };
		5248C51927479F49007203DB /* PendingTasksView.swift in Sources */ = {isa = PBXBuildFile; fileRef = 5248C51827479F49007203DB /* PendingTasksView.swift */; };
		5248C51D2747A183007203DB /* Repository.swift in Sources */ = {isa = PBXBuildFile; fileRef = 5248C51C2747A183007203DB /* Repository.swift */; };
		5248C5202747A278007203DB /* SwiftUIKitView in Frameworks */ = {isa = PBXBuildFile; productRef = 5248C51F2747A278007203DB /* SwiftUIKitView */; };
		528D97782747B34400C6E2A2 /* SingleLineView.swift in Sources */ = {isa = PBXBuildFile; fileRef = 528D97772747B34400C6E2A2 /* SingleLineView.swift */; };
		52B256F22747A3E700F3EC1B /* RepositoryView.swift in Sources */ = {isa = PBXBuildFile; fileRef = 52B256F12747A3E700F3EC1B /* RepositoryView.swift */; };
		52B256F42747A4BD00F3EC1B /* Build.swift in Sources */ = {isa = PBXBuildFile; fileRef = 52B256F32747A4BD00F3EC1B /* Build.swift */; };
		E03517FB274D271300C82262 /* UserService.swift in Sources */ = {isa = PBXBuildFile; fileRef = E03517FA274D271300C82262 /* UserService.swift */; };
		E0351804274D28D500C82262 /* HomeViewModelSpec.swift in Sources */ = {isa = PBXBuildFile; fileRef = E0351803274D28D500C82262 /* HomeViewModelSpec.swift */; };
		E0351807274D296000C82262 /* Quick in Frameworks */ = {isa = PBXBuildFile; productRef = E0351806274D296000C82262 /* Quick */; };
		E035180A274D296E00C82262 /* Nimble in Frameworks */ = {isa = PBXBuildFile; productRef = E0351809274D296E00C82262 /* Nimble */; };
		E035180C274D29D800C82262 /* DependencyInjectorMock.swift in Sources */ = {isa = PBXBuildFile; fileRef = E035180B274D29D800C82262 /* DependencyInjectorMock.swift */; };
		E0436469274C0E19005717B0 /* SampleService.swift in Sources */ = {isa = PBXBuildFile; fileRef = E0436468274C0E19005717B0 /* SampleService.swift */; };
		E043646D274C0E3E005717B0 /* DependencyContainer.swift in Sources */ = {isa = PBXBuildFile; fileRef = E043646B274C0E3E005717B0 /* DependencyContainer.swift */; };
		E043646E274C0E3E005717B0 /* DependencyInjector.swift in Sources */ = {isa = PBXBuildFile; fileRef = E043646C274C0E3E005717B0 /* DependencyInjector.swift */; };
/* End PBXBuildFile section */

/* Begin PBXContainerItemProxy section */
		5248C4FA27479BB1007203DB /* PBXContainerItemProxy */ = {
			isa = PBXContainerItemProxy;
			containerPortal = 5248C4E127479BAE007203DB /* Project object */;
			proxyType = 1;
			remoteGlobalIDString = 5248C4E827479BAE007203DB;
			remoteInfo = ProxyRelease;
		};
/* End PBXContainerItemProxy section */

/* Begin PBXFileReference section */
		5248C4E927479BAE007203DB /* ProxyRelease.app */ = {isa = PBXFileReference; explicitFileType = wrapper.application; includeInIndex = 0; path = ProxyRelease.app; sourceTree = BUILT_PRODUCTS_DIR; };
		5248C4EC27479BAE007203DB /* ProxyReleaseApp.swift */ = {isa = PBXFileReference; lastKnownFileType = sourcecode.swift; path = ProxyReleaseApp.swift; sourceTree = "<group>"; };
		5248C4EE27479BAE007203DB /* RootView.swift */ = {isa = PBXFileReference; lastKnownFileType = sourcecode.swift; path = RootView.swift; sourceTree = "<group>"; };
		5248C4F027479BB0007203DB /* Assets.xcassets */ = {isa = PBXFileReference; lastKnownFileType = folder.assetcatalog; path = Assets.xcassets; sourceTree = "<group>"; };
		5248C4F327479BB0007203DB /* Preview Assets.xcassets */ = {isa = PBXFileReference; lastKnownFileType = folder.assetcatalog; path = "Preview Assets.xcassets"; sourceTree = "<group>"; };
		5248C4F927479BB1007203DB /* ProxyReleaseTests.xctest */ = {isa = PBXFileReference; explicitFileType = wrapper.cfbundle; includeInIndex = 0; path = ProxyReleaseTests.xctest; sourceTree = BUILT_PRODUCTS_DIR; };
		5248C51627479EE0007203DB /* HomeView.swift */ = {isa = PBXFileReference; lastKnownFileType = sourcecode.swift; path = HomeView.swift; sourceTree = "<group>"; };
		5248C51827479F49007203DB /* PendingTasksView.swift */ = {isa = PBXFileReference; lastKnownFileType = sourcecode.swift; path = PendingTasksView.swift; sourceTree = "<group>"; };
		5248C51C2747A183007203DB /* Repository.swift */ = {isa = PBXFileReference; lastKnownFileType = sourcecode.swift; path = Repository.swift; sourceTree = "<group>"; };
		528D97772747B34400C6E2A2 /* SingleLineView.swift */ = {isa = PBXFileReference; lastKnownFileType = sourcecode.swift; path = SingleLineView.swift; sourceTree = "<group>"; };
		52B256F12747A3E700F3EC1B /* RepositoryView.swift */ = {isa = PBXFileReference; lastKnownFileType = sourcecode.swift; path = RepositoryView.swift; sourceTree = "<group>"; };
		52B256F32747A4BD00F3EC1B /* Build.swift */ = {isa = PBXFileReference; lastKnownFileType = sourcecode.swift; path = Build.swift; sourceTree = "<group>"; };
		E03517FA274D271300C82262 /* UserService.swift */ = {isa = PBXFileReference; lastKnownFileType = sourcecode.swift; path = UserService.swift; sourceTree = "<group>"; };
		E0351803274D28D500C82262 /* HomeViewModelSpec.swift */ = {isa = PBXFileReference; lastKnownFileType = sourcecode.swift; path = HomeViewModelSpec.swift; sourceTree = "<group>"; };
		E035180B274D29D800C82262 /* DependencyInjectorMock.swift */ = {isa = PBXFileReference; lastKnownFileType = sourcecode.swift; path = DependencyInjectorMock.swift; sourceTree = "<group>"; };
		E043645C274BDA56005717B0 /* Info.plist */ = {isa = PBXFileReference; lastKnownFileType = text.plist; path = Info.plist; sourceTree = "<group>"; };
		E0436468274C0E19005717B0 /* SampleService.swift */ = {isa = PBXFileReference; fileEncoding = 4; lastKnownFileType = sourcecode.swift; path = SampleService.swift; sourceTree = "<group>"; };
		E043646B274C0E3E005717B0 /* DependencyContainer.swift */ = {isa = PBXFileReference; fileEncoding = 4; lastKnownFileType = sourcecode.swift; path = DependencyContainer.swift; sourceTree = "<group>"; };
		E043646C274C0E3E005717B0 /* DependencyInjector.swift */ = {isa = PBXFileReference; fileEncoding = 4; lastKnownFileType = sourcecode.swift; path = DependencyInjector.swift; sourceTree = "<group>"; };
/* End PBXFileReference section */

/* Begin PBXFrameworksBuildPhase section */
		5248C4E627479BAE007203DB /* Frameworks */ = {
			isa = PBXFrameworksBuildPhase;
			buildActionMask = 2147483647;
			files = (
				5248C5202747A278007203DB /* SwiftUIKitView in Frameworks */,
			);
			runOnlyForDeploymentPostprocessing = 0;
		};
		5248C4F627479BB1007203DB /* Frameworks */ = {
			isa = PBXFrameworksBuildPhase;
			buildActionMask = 2147483647;
			files = (
				E0351807274D296000C82262 /* Quick in Frameworks */,
				E035180A274D296E00C82262 /* Nimble in Frameworks */,
			);
			runOnlyForDeploymentPostprocessing = 0;
		};
/* End PBXFrameworksBuildPhase section */

/* Begin PBXGroup section */
		5248C4E027479BAD007203DB = {
			isa = PBXGroup;
			children = (
				5248C4EB27479BAE007203DB /* ProxyRelease */,
				5248C4FC27479BB1007203DB /* ProxyReleaseTests */,
				5248C4EA27479BAE007203DB /* Products */,
			);
			sourceTree = "<group>";
		};
		5248C4EA27479BAE007203DB /* Products */ = {
			isa = PBXGroup;
			children = (
				5248C4E927479BAE007203DB /* ProxyRelease.app */,
				5248C4F927479BB1007203DB /* ProxyReleaseTests.xctest */,
			);
			name = Products;
			sourceTree = "<group>";
		};
		5248C4EB27479BAE007203DB /* ProxyRelease */ = {
			isa = PBXGroup;
			children = (
				E043645C274BDA56005717B0 /* Info.plist */,
				E043646A274C0E32005717B0 /* DependencyInjector */,
				E0436467274C0E04005717B0 /* Services */,
				528D97762747B32900C6E2A2 /* Views */,
				5248C51B2747A17B007203DB /* Model */,
				5248C4EC27479BAE007203DB /* ProxyReleaseApp.swift */,
				5248C51627479EE0007203DB /* HomeView.swift */,
				52B256F12747A3E700F3EC1B /* RepositoryView.swift */,
				5248C51827479F49007203DB /* PendingTasksView.swift */,
				5248C4EE27479BAE007203DB /* RootView.swift */,
				5248C4F027479BB0007203DB /* Assets.xcassets */,
				5248C4F227479BB0007203DB /* Preview Content */,
			);
			path = ProxyRelease;
			sourceTree = "<group>";
		};
		5248C4F227479BB0007203DB /* Preview Content */ = {
			isa = PBXGroup;
			children = (
				5248C4F327479BB0007203DB /* Preview Assets.xcassets */,
			);
			path = "Preview Content";
			sourceTree = "<group>";
		};
		5248C4FC27479BB1007203DB /* ProxyReleaseTests */ = {
			isa = PBXGroup;
			children = (
				E0351803274D28D500C82262 /* HomeViewModelSpec.swift */,
			);
			path = ProxyReleaseTests;
			sourceTree = "<group>";
		};
		5248C51B2747A17B007203DB /* Model */ = {
			isa = PBXGroup;
			children = (
				5248C51C2747A183007203DB /* Repository.swift */,
				52B256F32747A4BD00F3EC1B /* Build.swift */,
			);
			path = Model;
			sourceTree = "<group>";
		};
		528D97762747B32900C6E2A2 /* Views */ = {
			isa = PBXGroup;
			children = (
				528D97772747B34400C6E2A2 /* SingleLineView.swift */,
			);
			path = Views;
			sourceTree = "<group>";
		};
		E0436467274C0E04005717B0 /* Services */ = {
			isa = PBXGroup;
			children = (
				E0436468274C0E19005717B0 /* SampleService.swift */,
				E03517FA274D271300C82262 /* UserService.swift */,
			);
			path = Services;
			sourceTree = "<group>";
		};
		E043646A274C0E32005717B0 /* DependencyInjector */ = {
			isa = PBXGroup;
			children = (
				E043646B274C0E3E005717B0 /* DependencyContainer.swift */,
				E043646C274C0E3E005717B0 /* DependencyInjector.swift */,
				E035180B274D29D800C82262 /* DependencyInjectorMock.swift */,
			);
			path = DependencyInjector;
			sourceTree = "<group>";
		};
/* End PBXGroup section */

/* Begin PBXNativeTarget section */
		5248C4E827479BAE007203DB /* ProxyRelease */ = {
			isa = PBXNativeTarget;
			buildConfigurationList = 5248C50D27479BB1007203DB /* Build configuration list for PBXNativeTarget "ProxyRelease" */;
			buildPhases = (
				5248C4E527479BAE007203DB /* Sources */,
				5248C4E627479BAE007203DB /* Frameworks */,
				5248C4E727479BAE007203DB /* Resources */,
			);
			buildRules = (
			);
			dependencies = (
			);
			name = ProxyRelease;
			packageProductDependencies = (
				5248C51F2747A278007203DB /* SwiftUIKitView */,
			);
			productName = ProxyRelease;
			productReference = 5248C4E927479BAE007203DB /* ProxyRelease.app */;
			productType = "com.apple.product-type.application";
		};
		5248C4F827479BB1007203DB /* ProxyReleaseTests */ = {
			isa = PBXNativeTarget;
			buildConfigurationList = 5248C51027479BB1007203DB /* Build configuration list for PBXNativeTarget "ProxyReleaseTests" */;
			buildPhases = (
				5248C4F527479BB1007203DB /* Sources */,
				5248C4F627479BB1007203DB /* Frameworks */,
				5248C4F727479BB1007203DB /* Resources */,
			);
			buildRules = (
			);
			dependencies = (
				5248C4FB27479BB1007203DB /* PBXTargetDependency */,
			);
			name = ProxyReleaseTests;
			packageProductDependencies = (
				E0351806274D296000C82262 /* Quick */,
				E0351809274D296E00C82262 /* Nimble */,
			);
			productName = ProxyReleaseTests;
			productReference = 5248C4F927479BB1007203DB /* ProxyReleaseTests.xctest */;
			productType = "com.apple.product-type.bundle.unit-test";
		};
/* End PBXNativeTarget section */

/* Begin PBXProject section */
		5248C4E127479BAE007203DB /* Project object */ = {
			isa = PBXProject;
			attributes = {
				BuildIndependentTargetsInParallel = 1;
				LastSwiftUpdateCheck = 1310;
				LastUpgradeCheck = 1310;
				TargetAttributes = {
					5248C4E827479BAE007203DB = {
						CreatedOnToolsVersion = 13.1;
					};
					5248C4F827479BB1007203DB = {
						CreatedOnToolsVersion = 13.1;
						LastSwiftMigration = 1310;
						TestTargetID = 5248C4E827479BAE007203DB;
					};
				};
			};
			buildConfigurationList = 5248C4E427479BAE007203DB /* Build configuration list for PBXProject "ProxyRelease" */;
			compatibilityVersion = "Xcode 13.0";
			developmentRegion = en;
			hasScannedForEncodings = 0;
			knownRegions = (
				en,
				Base,
			);
			mainGroup = 5248C4E027479BAD007203DB;
			packageReferences = (
				5248C51E2747A278007203DB /* XCRemoteSwiftPackageReference "SwiftUIKitView" */,
				E0351805274D296000C82262 /* XCRemoteSwiftPackageReference "Quick" */,
				E0351808274D296E00C82262 /* XCRemoteSwiftPackageReference "Nimble" */,
			);
			productRefGroup = 5248C4EA27479BAE007203DB /* Products */;
			projectDirPath = "";
			projectRoot = "";
			targets = (
				5248C4E827479BAE007203DB /* ProxyRelease */,
				5248C4F827479BB1007203DB /* ProxyReleaseTests */,
			);
		};
/* End PBXProject section */

/* Begin PBXResourcesBuildPhase section */
		5248C4E727479BAE007203DB /* Resources */ = {
			isa = PBXResourcesBuildPhase;
			buildActionMask = 2147483647;
			files = (
				5248C4F427479BB0007203DB /* Preview Assets.xcassets in Resources */,
				5248C4F127479BB0007203DB /* Assets.xcassets in Resources */,
			);
			runOnlyForDeploymentPostprocessing = 0;
		};
		5248C4F727479BB1007203DB /* Resources */ = {
			isa = PBXResourcesBuildPhase;
			buildActionMask = 2147483647;
			files = (
			);
			runOnlyForDeploymentPostprocessing = 0;
		};
/* End PBXResourcesBuildPhase section */

/* Begin PBXSourcesBuildPhase section */
		5248C4E527479BAE007203DB /* Sources */ = {
			isa = PBXSourcesBuildPhase;
			buildActionMask = 2147483647;
			files = (
				5248C51727479EE0007203DB /* HomeView.swift in Sources */,
				E0436469274C0E19005717B0 /* SampleService.swift in Sources */,
				5248C51D2747A183007203DB /* Repository.swift in Sources */,
				E043646E274C0E3E005717B0 /* DependencyInjector.swift in Sources */,
				52B256F22747A3E700F3EC1B /* RepositoryView.swift in Sources */,
				E035180C274D29D800C82262 /* DependencyInjectorMock.swift in Sources */,
				5248C4EF27479BAE007203DB /* RootView.swift in Sources */,
				528D97782747B34400C6E2A2 /* SingleLineView.swift in Sources */,
				E043646D274C0E3E005717B0 /* DependencyContainer.swift in Sources */,
				E03517FB274D271300C82262 /* UserService.swift in Sources */,
				5248C51927479F49007203DB /* PendingTasksView.swift in Sources */,
				52B256F42747A4BD00F3EC1B /* Build.swift in Sources */,
				5248C4ED27479BAE007203DB /* ProxyReleaseApp.swift in Sources */,
			);
			runOnlyForDeploymentPostprocessing = 0;
		};
		5248C4F527479BB1007203DB /* Sources */ = {
			isa = PBXSourcesBuildPhase;
			buildActionMask = 2147483647;
			files = (
				E0351804274D28D500C82262 /* HomeViewModelSpec.swift in Sources */,
			);
			runOnlyForDeploymentPostprocessing = 0;
		};
/* End PBXSourcesBuildPhase section */

/* Begin PBXTargetDependency section */
		5248C4FB27479BB1007203DB /* PBXTargetDependency */ = {
			isa = PBXTargetDependency;
			target = 5248C4E827479BAE007203DB /* ProxyRelease */;
			targetProxy = 5248C4FA27479BB1007203DB /* PBXContainerItemProxy */;
		};
/* End PBXTargetDependency section */

/* Begin XCBuildConfiguration section */
		5248C50B27479BB1007203DB /* Debug */ = {
			isa = XCBuildConfiguration;
			buildSettings = {
				ALWAYS_SEARCH_USER_PATHS = NO;
				CLANG_ANALYZER_NONNULL = YES;
				CLANG_ANALYZER_NUMBER_OBJECT_CONVERSION = YES_AGGRESSIVE;
				CLANG_CXX_LANGUAGE_STANDARD = "gnu++17";
				CLANG_CXX_LIBRARY = "libc++";
				CLANG_ENABLE_MODULES = YES;
				CLANG_ENABLE_OBJC_ARC = YES;
				CLANG_ENABLE_OBJC_WEAK = YES;
				CLANG_WARN_BLOCK_CAPTURE_AUTORELEASING = YES;
				CLANG_WARN_BOOL_CONVERSION = YES;
				CLANG_WARN_COMMA = YES;
				CLANG_WARN_CONSTANT_CONVERSION = YES;
				CLANG_WARN_DEPRECATED_OBJC_IMPLEMENTATIONS = YES;
				CLANG_WARN_DIRECT_OBJC_ISA_USAGE = YES_ERROR;
				CLANG_WARN_DOCUMENTATION_COMMENTS = YES;
				CLANG_WARN_EMPTY_BODY = YES;
				CLANG_WARN_ENUM_CONVERSION = YES;
				CLANG_WARN_INFINITE_RECURSION = YES;
				CLANG_WARN_INT_CONVERSION = YES;
				CLANG_WARN_NON_LITERAL_NULL_CONVERSION = YES;
				CLANG_WARN_OBJC_IMPLICIT_RETAIN_SELF = YES;
				CLANG_WARN_OBJC_LITERAL_CONVERSION = YES;
				CLANG_WARN_OBJC_ROOT_CLASS = YES_ERROR;
				CLANG_WARN_QUOTED_INCLUDE_IN_FRAMEWORK_HEADER = YES;
				CLANG_WARN_RANGE_LOOP_ANALYSIS = YES;
				CLANG_WARN_STRICT_PROTOTYPES = YES;
				CLANG_WARN_SUSPICIOUS_MOVE = YES;
				CLANG_WARN_UNGUARDED_AVAILABILITY = YES_AGGRESSIVE;
				CLANG_WARN_UNREACHABLE_CODE = YES;
				CLANG_WARN__DUPLICATE_METHOD_MATCH = YES;
				COPY_PHASE_STRIP = NO;
				DEBUG_INFORMATION_FORMAT = dwarf;
				ENABLE_STRICT_OBJC_MSGSEND = YES;
				ENABLE_TESTABILITY = YES;
				GCC_C_LANGUAGE_STANDARD = gnu11;
				GCC_DYNAMIC_NO_PIC = NO;
				GCC_NO_COMMON_BLOCKS = YES;
				GCC_OPTIMIZATION_LEVEL = 0;
				GCC_PREPROCESSOR_DEFINITIONS = (
					"DEBUG=1",
					"$(inherited)",
				);
				GCC_WARN_64_TO_32_BIT_CONVERSION = YES;
				GCC_WARN_ABOUT_RETURN_TYPE = YES_ERROR;
				GCC_WARN_UNDECLARED_SELECTOR = YES;
				GCC_WARN_UNINITIALIZED_AUTOS = YES_AGGRESSIVE;
				GCC_WARN_UNUSED_FUNCTION = YES;
				GCC_WARN_UNUSED_VARIABLE = YES;
				IPHONEOS_DEPLOYMENT_TARGET = 15.0;
				MTL_ENABLE_DEBUG_INFO = INCLUDE_SOURCE;
				MTL_FAST_MATH = YES;
				ONLY_ACTIVE_ARCH = YES;
				SDKROOT = iphoneos;
				SWIFT_ACTIVE_COMPILATION_CONDITIONS = DEBUG;
				SWIFT_OPTIMIZATION_LEVEL = "-Onone";
			};
			name = Debug;
		};
		5248C50C27479BB1007203DB /* Release */ = {
			isa = XCBuildConfiguration;
			buildSettings = {
				ALWAYS_SEARCH_USER_PATHS = NO;
				CLANG_ANALYZER_NONNULL = YES;
				CLANG_ANALYZER_NUMBER_OBJECT_CONVERSION = YES_AGGRESSIVE;
				CLANG_CXX_LANGUAGE_STANDARD = "gnu++17";
				CLANG_CXX_LIBRARY = "libc++";
				CLANG_ENABLE_MODULES = YES;
				CLANG_ENABLE_OBJC_ARC = YES;
				CLANG_ENABLE_OBJC_WEAK = YES;
				CLANG_WARN_BLOCK_CAPTURE_AUTORELEASING = YES;
				CLANG_WARN_BOOL_CONVERSION = YES;
				CLANG_WARN_COMMA = YES;
				CLANG_WARN_CONSTANT_CONVERSION = YES;
				CLANG_WARN_DEPRECATED_OBJC_IMPLEMENTATIONS = YES;
				CLANG_WARN_DIRECT_OBJC_ISA_USAGE = YES_ERROR;
				CLANG_WARN_DOCUMENTATION_COMMENTS = YES;
				CLANG_WARN_EMPTY_BODY = YES;
				CLANG_WARN_ENUM_CONVERSION = YES;
				CLANG_WARN_INFINITE_RECURSION = YES;
				CLANG_WARN_INT_CONVERSION = YES;
				CLANG_WARN_NON_LITERAL_NULL_CONVERSION = YES;
				CLANG_WARN_OBJC_IMPLICIT_RETAIN_SELF = YES;
				CLANG_WARN_OBJC_LITERAL_CONVERSION = YES;
				CLANG_WARN_OBJC_ROOT_CLASS = YES_ERROR;
				CLANG_WARN_QUOTED_INCLUDE_IN_FRAMEWORK_HEADER = YES;
				CLANG_WARN_RANGE_LOOP_ANALYSIS = YES;
				CLANG_WARN_STRICT_PROTOTYPES = YES;
				CLANG_WARN_SUSPICIOUS_MOVE = YES;
				CLANG_WARN_UNGUARDED_AVAILABILITY = YES_AGGRESSIVE;
				CLANG_WARN_UNREACHABLE_CODE = YES;
				CLANG_WARN__DUPLICATE_METHOD_MATCH = YES;
				COPY_PHASE_STRIP = NO;
				DEBUG_INFORMATION_FORMAT = "dwarf-with-dsym";
				ENABLE_NS_ASSERTIONS = NO;
				ENABLE_STRICT_OBJC_MSGSEND = YES;
				GCC_C_LANGUAGE_STANDARD = gnu11;
				GCC_NO_COMMON_BLOCKS = YES;
				GCC_WARN_64_TO_32_BIT_CONVERSION = YES;
				GCC_WARN_ABOUT_RETURN_TYPE = YES_ERROR;
				GCC_WARN_UNDECLARED_SELECTOR = YES;
				GCC_WARN_UNINITIALIZED_AUTOS = YES_AGGRESSIVE;
				GCC_WARN_UNUSED_FUNCTION = YES;
				GCC_WARN_UNUSED_VARIABLE = YES;
				IPHONEOS_DEPLOYMENT_TARGET = 15.0;
				MTL_ENABLE_DEBUG_INFO = NO;
				MTL_FAST_MATH = YES;
				SDKROOT = iphoneos;
				SWIFT_COMPILATION_MODE = wholemodule;
				SWIFT_OPTIMIZATION_LEVEL = "-O";
				VALIDATE_PRODUCT = YES;
			};
			name = Release;
		};
		5248C50E27479BB1007203DB /* Debug */ = {
			isa = XCBuildConfiguration;
			buildSettings = {
				ASSETCATALOG_COMPILER_APPICON_NAME = AppIcon;
				ASSETCATALOG_COMPILER_GLOBAL_ACCENT_COLOR_NAME = AccentColor;
				CODE_SIGN_STYLE = Automatic;
				CURRENT_PROJECT_VERSION = 1;
				DEVELOPMENT_ASSET_PATHS = "\"ProxyRelease/Preview Content\"";
				DEVELOPMENT_TEAM = AU9ZDUDBTM;
				ENABLE_PREVIEWS = YES;
				GENERATE_INFOPLIST_FILE = YES;
				INFOPLIST_FILE = ProxyRelease/Info.plist;
				INFOPLIST_KEY_UIApplicationSceneManifest_Generation = YES;
				INFOPLIST_KEY_UIApplicationSupportsIndirectInputEvents = YES;
				INFOPLIST_KEY_UILaunchScreen_Generation = YES;
				INFOPLIST_KEY_UISupportedInterfaceOrientations_iPad = "UIInterfaceOrientationPortrait UIInterfaceOrientationPortraitUpsideDown UIInterfaceOrientationLandscapeLeft UIInterfaceOrientationLandscapeRight";
				INFOPLIST_KEY_UISupportedInterfaceOrientations_iPhone = "UIInterfaceOrientationPortrait UIInterfaceOrientationLandscapeLeft UIInterfaceOrientationLandscapeRight";
				LD_RUNPATH_SEARCH_PATHS = (
					"$(inherited)",
					"@executable_path/Frameworks",
				);
				MARKETING_VERSION = 1.0;
				PRODUCT_BUNDLE_IDENTIFIER = com.proxy.ProxyRelease;
				PRODUCT_NAME = "$(TARGET_NAME)";
				SWIFT_EMIT_LOC_STRINGS = YES;
				SWIFT_VERSION = 5.0;
				TARGETED_DEVICE_FAMILY = "1,2";
			};
			name = Debug;
		};
		5248C50F27479BB1007203DB /* Release */ = {
			isa = XCBuildConfiguration;
			buildSettings = {
				ASSETCATALOG_COMPILER_APPICON_NAME = AppIcon;
				ASSETCATALOG_COMPILER_GLOBAL_ACCENT_COLOR_NAME = AccentColor;
				CODE_SIGN_STYLE = Automatic;
				CURRENT_PROJECT_VERSION = 1;
				DEVELOPMENT_ASSET_PATHS = "\"ProxyRelease/Preview Content\"";
				DEVELOPMENT_TEAM = AU9ZDUDBTM;
				ENABLE_PREVIEWS = YES;
				GENERATE_INFOPLIST_FILE = YES;
				INFOPLIST_FILE = ProxyRelease/Info.plist;
				INFOPLIST_KEY_UIApplicationSceneManifest_Generation = YES;
				INFOPLIST_KEY_UIApplicationSupportsIndirectInputEvents = YES;
				INFOPLIST_KEY_UILaunchScreen_Generation = YES;
				INFOPLIST_KEY_UISupportedInterfaceOrientations_iPad = "UIInterfaceOrientationPortrait UIInterfaceOrientationPortraitUpsideDown UIInterfaceOrientationLandscapeLeft UIInterfaceOrientationLandscapeRight";
				INFOPLIST_KEY_UISupportedInterfaceOrientations_iPhone = "UIInterfaceOrientationPortrait UIInterfaceOrientationLandscapeLeft UIInterfaceOrientationLandscapeRight";
				LD_RUNPATH_SEARCH_PATHS = (
					"$(inherited)",
					"@executable_path/Frameworks",
				);
				MARKETING_VERSION = 1.0;
				PRODUCT_BUNDLE_IDENTIFIER = com.proxy.ProxyRelease;
				PRODUCT_NAME = "$(TARGET_NAME)";
				SWIFT_EMIT_LOC_STRINGS = YES;
				SWIFT_VERSION = 5.0;
				TARGETED_DEVICE_FAMILY = "1,2";
			};
			name = Release;
		};
		5248C51127479BB1007203DB /* Debug */ = {
			isa = XCBuildConfiguration;
			buildSettings = {
				ALWAYS_EMBED_SWIFT_STANDARD_LIBRARIES = YES;
				BUNDLE_LOADER = "$(TEST_HOST)";
				CLANG_ENABLE_MODULES = YES;
				CODE_SIGN_STYLE = Automatic;
				CURRENT_PROJECT_VERSION = 1;
				DEVELOPMENT_TEAM = AU9ZDUDBTM;
				GENERATE_INFOPLIST_FILE = YES;
				IPHONEOS_DEPLOYMENT_TARGET = 15.0;
				LD_RUNPATH_SEARCH_PATHS = (
					"$(inherited)",
					"@executable_path/Frameworks",
					"@loader_path/Frameworks",
				);
				MARKETING_VERSION = 1.0;
				PRODUCT_BUNDLE_IDENTIFIER = com.proxy.ProxyReleaseTests;
				PRODUCT_NAME = "$(TARGET_NAME)";
				SWIFT_EMIT_LOC_STRINGS = NO;
				SWIFT_VERSION = 5.0;
				TARGETED_DEVICE_FAMILY = "1,2";
				TEST_HOST = "$(BUILT_PRODUCTS_DIR)/ProxyRelease.app/ProxyRelease";
			};
			name = Debug;
		};
		5248C51227479BB1007203DB /* Release */ = {
			isa = XCBuildConfiguration;
			buildSettings = {
				ALWAYS_EMBED_SWIFT_STANDARD_LIBRARIES = YES;
				BUNDLE_LOADER = "$(TEST_HOST)";
				CLANG_ENABLE_MODULES = YES;
				CODE_SIGN_STYLE = Automatic;
				CURRENT_PROJECT_VERSION = 1;
				DEVELOPMENT_TEAM = AU9ZDUDBTM;
				GENERATE_INFOPLIST_FILE = YES;
				IPHONEOS_DEPLOYMENT_TARGET = 15.0;
				LD_RUNPATH_SEARCH_PATHS = (
					"$(inherited)",
					"@executable_path/Frameworks",
					"@loader_path/Frameworks",
				);
				MARKETING_VERSION = 1.0;
				PRODUCT_BUNDLE_IDENTIFIER = com.proxy.ProxyReleaseTests;
				PRODUCT_NAME = "$(TARGET_NAME)";
				SWIFT_EMIT_LOC_STRINGS = NO;
				SWIFT_VERSION = 5.0;
				TARGETED_DEVICE_FAMILY = "1,2";
				TEST_HOST = "$(BUILT_PRODUCTS_DIR)/ProxyRelease.app/ProxyRelease";
			};
			name = Release;
		};
/* End XCBuildConfiguration section */

/* Begin XCConfigurationList section */
		5248C4E427479BAE007203DB /* Build configuration list for PBXProject "ProxyRelease" */ = {
			isa = XCConfigurationList;
			buildConfigurations = (
				5248C50B27479BB1007203DB /* Debug */,
				5248C50C27479BB1007203DB /* Release */,
			);
			defaultConfigurationIsVisible = 0;
			defaultConfigurationName = Release;
		};
		5248C50D27479BB1007203DB /* Build configuration list for PBXNativeTarget "ProxyRelease" */ = {
			isa = XCConfigurationList;
			buildConfigurations = (
				5248C50E27479BB1007203DB /* Debug */,
				5248C50F27479BB1007203DB /* Release */,
			);
			defaultConfigurationIsVisible = 0;
			defaultConfigurationName = Release;
		};
		5248C51027479BB1007203DB /* Build configuration list for PBXNativeTarget "ProxyReleaseTests" */ = {
			isa = XCConfigurationList;
			buildConfigurations = (
				5248C51127479BB1007203DB /* Debug */,
				5248C51227479BB1007203DB /* Release */,
			);
			defaultConfigurationIsVisible = 0;
			defaultConfigurationName = Release;
		};
/* End XCConfigurationList section */

/* Begin XCRemoteSwiftPackageReference section */
		5248C51E2747A278007203DB /* XCRemoteSwiftPackageReference "SwiftUIKitView" */ = {
			isa = XCRemoteSwiftPackageReference;
			repositoryURL = "https://github.com/AvdLee/SwiftUIKitView";
			requirement = {
				kind = upToNextMajorVersion;
				minimumVersion = 1.0.0;
			};
		};
		E0351805274D296000C82262 /* XCRemoteSwiftPackageReference "Quick" */ = {
			isa = XCRemoteSwiftPackageReference;
			repositoryURL = "https://github.com/Quick/Quick.git";
			requirement = {
				branch = main;
				kind = branch;
			};
		};
		E0351808274D296E00C82262 /* XCRemoteSwiftPackageReference "Nimble" */ = {
			isa = XCRemoteSwiftPackageReference;
			repositoryURL = "https://github.com/Quick/Nimble.git";
			requirement = {
				branch = main;
				kind = branch;
			};
		};
/* End XCRemoteSwiftPackageReference section */

/* Begin XCSwiftPackageProductDependency section */
		5248C51F2747A278007203DB /* SwiftUIKitView */ = {
			isa = XCSwiftPackageProductDependency;
			package = 5248C51E2747A278007203DB /* XCRemoteSwiftPackageReference "SwiftUIKitView" */;
			productName = SwiftUIKitView;
		};
		E0351806274D296000C82262 /* Quick */ = {
			isa = XCSwiftPackageProductDependency;
			package = E0351805274D296000C82262 /* XCRemoteSwiftPackageReference "Quick" */;
			productName = Quick;
		};
		E0351809274D296E00C82262 /* Nimble */ = {
			isa = XCSwiftPackageProductDependency;
			package = E0351808274D296E00C82262 /* XCRemoteSwiftPackageReference "Nimble" */;
			productName = Nimble;
		};
/* End XCSwiftPackageProductDependency section */
	};
	rootObject = 5248C4E127479BAE007203DB /* Project object */;
}
